
Microsoft Visual Studio Solution File, Format Version 12.00
# Visual Studio Version 16
VisualStudioVersion = 16.0.32228.343
MinimumVisualStudioVersion = 10.0.40219.1
Project("{FAE04EC0-301F-11D3-BF4B-00C04F79EFBC}") = "PM02E3G1.Android", "PM02E3G1\PM02E3G1.Android\PM02E3G1.Android.csproj", "{9F0E2E3F-6258-40FF-BD22-39FBFE9C098F}"
EndProject
Project("{FAE04EC0-301F-11D3-BF4B-00C04F79EFBC}") = "PM02E3G1", "PM02E3G1\PM02E3G1\PM02E3G1.csproj", "{6028427A-8327-43DF-A7F3-72125B18DAC7}"
EndProject
Global
	GlobalSection(SolutionConfigurationPlatforms) = preSolution
		Debug|Any CPU = Debug|Any CPU
		Release|Any CPU = Release|Any CPU
	EndGlobalSection
	GlobalSection(ProjectConfigurationPlatforms) = postSolution
		{9F0E2E3F-6258-40FF-BD22-39FBFE9C098F}.Debug|Any CPU.ActiveCfg = Debug|Any CPU
		{9F0E2E3F-6258-40FF-BD22-39FBFE9C098F}.Debug|Any CPU.Build.0 = Debug|Any CPU
		{9F0E2E3F-6258-40FF-BD22-39FBFE9C098F}.Debug|Any CPU.Deploy.0 = Debug|Any CPU
		{9F0E2E3F-6258-40FF-BD22-39FBFE9C098F}.Release|Any CPU.ActiveCfg = Release|Any CPU
		{9F0E2E3F-6258-40FF-BD22-39FBFE9C098F}.Release|Any CPU.Build.0 = Release|Any CPU
		{9F0E2E3F-6258-40FF-BD22-39FBFE9C098F}.Release|Any CPU.Deploy.0 = Release|Any CPU
		{6028427A-8327-43DF-A7F3-72125B18DAC7}.Debug|Any CPU.ActiveCfg = Debug|Any CPU
		{6028427A-8327-43DF-A7F3-72125B18DAC7}.Debug|Any CPU.Build.0 = Debug|Any CPU
		{6028427A-8327-43DF-A7F3-72125B18DAC7}.Debug|Any CPU.Deploy.0 = Debug|Any CPU
		{6028427A-8327-43DF-A7F3-72125B18DAC7}.Release|Any CPU.ActiveCfg = Release|Any CPU
		{6028427A-8327-43DF-A7F3-72125B18DAC7}.Release|Any CPU.Build.0 = Release|Any CPU
		{6028427A-8327-43DF-A7F3-72125B18DAC7}.Release|Any CPU.Deploy.0 = Release|Any CPU
	EndGlobalSection
	GlobalSection(SolutionProperties) = preSolution
		HideSolutionNode = FALSE
	EndGlobalSection
	GlobalSection(ExtensibilityGlobals) = postSolution
		SolutionGuid = {3B626E95-B72A-47F1-B571-54FF09FB80F9}
	EndGlobalSection
EndGlobal
